{
  "R": {
    "Version": "3.6.2",
    "Repositories": [
      {
        "Name": "CRAN",
        "URL": "https://cran.rstudio.com"
      }
    ]
  },
  "Packages": {
    "BH": {
      "Package": "BH",
      "Version": "1.78.0-0",
      "Source": "Repository",
      "Repository": "CRAN",
      "Hash": "4e348572ffcaa2fb1e610e7a941f6f3a",
      "Requirements": []
    },
    "MASS": {
      "Package": "MASS",
      "Version": "7.3-51.4",
      "Source": "Repository",
      "Repository": "CRAN",
      "Hash": "a94714e63996bc284b8795ec50defc07",
      "Requirements": []
    },
    "Matrix": {
      "Package": "Matrix",
      "Version": "1.2-18",
      "Source": "Repository",
      "Repository": "CRAN",
      "Hash": "08588806cba69f04797dab50627428ed",
      "Requirements": [
        "lattice"
      ]
    },
    "PreciseSums": {
      "Package": "PreciseSums",
      "Version": "0.5",
      "Source": "Repository",
      "Repository": "CRAN",
      "Hash": "eaf4930ec63352ac28b54ce675241da7",
      "Requirements": []
    },
    "R6": {
      "Package": "R6",
      "Version": "2.4.1",
      "Source": "Repository",
      "Repository": "CRAN",
      "Hash": "292b54f8f4b94669b08f94e5acce6be2",
      "Requirements": []
    },
    "RApiSerialize": {
      "Package": "RApiSerialize",
      "Version": "0.1.2",
      "Source": "Repository",
      "Repository": "CRAN",
      "Hash": "d8a79c95f553670ceffbd190815bbfce",
      "Requirements": []
    },
    "RColorBrewer": {
      "Package": "RColorBrewer",
      "Version": "1.1-2",
      "Source": "Repository",
      "Repository": "CRAN",
      "Hash": "e031418365a7f7a766181ab5a41a5716",
      "Requirements": []
    },
    "Rcpp": {
      "Package": "Rcpp",
      "Version": "1.0.7",
      "Source": "Repository",
      "Repository": "RSPM",
      "Hash": "dab19adae4440ae55aa8a9d238b246bb",
      "Requirements": []
    },
    "RcppArmadillo": {
      "Package": "RcppArmadillo",
      "Version": "0.11.2.4.0",
      "Source": "Repository",
      "Repository": "CRAN",
      "Hash": "796805fe55a25e42b5e0aeefacc041dc",
      "Requirements": [
        "Rcpp"
      ]
    },
    "RcppEigen": {
      "Package": "RcppEigen",
      "Version": "0.3.3.9.2",
      "Source": "Repository",
      "Repository": "CRAN",
      "Hash": "4c86baed78388ceb06f88e3e9a1d87f5",
      "Requirements": [
        "Matrix",
        "Rcpp"
      ]
    },
    "RcppParallel": {
      "Package": "RcppParallel",
      "Version": "5.1.5",
      "Source": "Repository",
      "Repository": "RSPM",
      "Hash": "f3e94e34ff656a7c8336ce01207bc2b8",
      "Requirements": []
    },
    "RxODE": {
      "Package": "RxODE",
      "Version": "1.0.5",
      "Source": "Repository",
      "Repository": "CRAN",
      "Hash": "c1064cc620c6debc9c05f751def6ddb7",
      "Requirements": [
        "BH",
        "PreciseSums",
        "Rcpp",
        "RcppArmadillo",
        "RcppEigen",
        "StanHeaders",
        "assertthat",
        "backports",
        "checkmate",
        "cli",
        "dparser",
        "ggplot2",
        "inline",
        "lotri",
        "magrittr",
        "memoise",
        "qs",
        "rex",
        "sitmo",
        "sys"
      ]
    },
    "StanHeaders": {
      "Package": "StanHeaders",
      "Version": "2.21.0-7",
      "Source": "Repository",
      "Repository": "RSPM",
      "Hash": "0459d4dd7a8c239be18469a30c23dd4b",
      "Requirements": [
        "RcppEigen",
        "RcppParallel"
      ]
    },
    "askpass": {
      "Package": "askpass",
      "Version": "1.1",
      "Source": "Repository",
      "Repository": "RSPM",
      "Hash": "e8a22846fff485f0be3770c2da758713",
      "Requirements": [
        "sys"
      ]
    },
    "assertthat": {
      "Package": "assertthat",
      "Version": "0.2.1",
      "Source": "Repository",
      "Repository": "CRAN",
      "Hash": "50c838a310445e954bc13f26f26a6ecf",
      "Requirements": []
    },
    "backports": {
      "Package": "backports",
      "Version": "1.1.8",
      "Source": "Repository",
      "Repository": "CRAN",
      "Hash": "3ef0eac19317fd03c0c854aed581d473",
      "Requirements": []
    },
    "base64enc": {
      "Package": "base64enc",
      "Version": "0.1-3",
      "Source": "Repository",
      "Repository": "RSPM",
      "Hash": "543776ae6848fde2f48ff3816d0628bc",
      "Requirements": []
    },
    "bslib": {
      "Package": "bslib",
      "Version": "0.4.0",
      "Source": "Repository",
      "Repository": "CRAN",
      "Hash": "be5ee090716ce1671be6cd5d7c34d091",
      "Requirements": [
        "cachem",
        "htmltools",
        "jquerylib",
        "jsonlite",
        "memoise",
        "rlang",
        "sass"
      ]
    },
    "cachem": {
      "Package": "cachem",
      "Version": "1.0.6",
      "Source": "Repository",
      "Repository": "CRAN",
      "Hash": "648c5b3d71e6a37e3043617489a0a0e9",
      "Requirements": [
        "fastmap",
        "rlang"
      ]
    },
    "callr": {
      "Package": "callr",
      "Version": "3.4.3",
      "Source": "Repository",
      "Repository": "CRAN",
      "Hash": "643163a00cb536454c624883a10ae0bc",
      "Requirements": [
        "R6",
        "processx"
      ]
    },
    "checkmate": {
      "Package": "checkmate",
      "Version": "2.1.0",
      "Source": "Repository",
      "Repository": "CRAN",
      "Hash": "147e4db6909d8814bb30f671b49d7e06",
      "Requirements": [
        "backports"
      ]
    },
    "cli": {
      "Package": "cli",
      "Version": "3.2.0",
      "Source": "Repository",
      "Repository": "CRAN",
      "Hash": "1bdb126893e9ce6aae50ad1d6fc32faf",
      "Requirements": [
        "glue"
      ]
    },
    "colorspace": {
      "Package": "colorspace",
      "Version": "1.4-1",
      "Source": "Repository",
      "Repository": "CRAN",
      "Hash": "6b436e95723d1f0e861224dd9b094dfb",
      "Requirements": []
    },
    "commonmark": {
      "Package": "commonmark",
      "Version": "1.8.0",
      "Source": "Repository",
      "Repository": "CRAN",
      "Hash": "2ba81b120c1655ab696c935ef33ea716",
      "Requirements": []
    },
    "cpp11": {
      "Package": "cpp11",
      "Version": "0.4.2",
      "Source": "Repository",
      "Repository": "CRAN",
      "Hash": "fa53ce256cd280f468c080a58ea5ba8c",
      "Requirements": []
    },
    "crayon": {
      "Package": "crayon",
      "Version": "1.3.4",
      "Source": "Repository",
      "Repository": "CRAN",
      "Hash": "0d57bc8e27b7ba9e45dba825ebc0de6b",
      "Requirements": []
    },
    "crosstalk": {
      "Package": "crosstalk",
      "Version": "1.2.0",
      "Source": "Repository",
      "Repository": "RSPM",
      "Hash": "6aa54f69598c32177e920eb3402e8293",
      "Requirements": [
        "R6",
        "htmltools",
        "jsonlite",
        "lazyeval"
      ]
    },
    "curl": {
      "Package": "curl",
      "Version": "4.3.1",
      "Source": "Repository",
      "Repository": "CRAN",
      "Hash": "c5e68405893f030f139f6d6675eac675",
      "Requirements": []
    },
    "data.table": {
      "Package": "data.table",
      "Version": "1.14.2",
      "Source": "Repository",
      "Repository": "CRAN",
      "Hash": "36b67b5adf57b292923f5659f5f0c853",
      "Requirements": []
    },
    "desc": {
      "Package": "desc",
      "Version": "1.2.0",
      "Source": "Repository",
      "Repository": "CRAN",
      "Hash": "6c8fe8fa26a23b79949375d372c7b395",
      "Requirements": [
        "R6",
        "assertthat",
        "crayon",
        "rprojroot"
      ]
    },
    "digest": {
      "Package": "digest",
      "Version": "0.6.25",
      "Source": "Repository",
      "Repository": "CRAN",
      "Hash": "f697db7d92b7028c4b3436e9603fb636",
      "Requirements": []
    },
    "dparser": {
      "Package": "dparser",
      "Version": "1.3.1-5",
      "Source": "Repository",
      "Repository": "CRAN",
      "Hash": "acf992cf931d1906919bcdb12878276e",
      "Requirements": [
        "digest"
      ]
    },
    "dplyr": {
      "Package": "dplyr",
      "Version": "1.0.10",
      "Source": "Repository",
      "Repository": "CRAN",
      "Hash": "539412282059f7f0c07295723d23f987",
      "Requirements": [
        "R6",
        "generics",
        "glue",
        "lifecycle",
        "magrittr",
        "pillar",
        "rlang",
        "tibble",
        "tidyselect",
        "vctrs"
      ]
    },
    "ellipsis": {
      "Package": "ellipsis",
      "Version": "0.3.2",
      "Source": "Repository",
      "Repository": "CRAN",
      "Hash": "bb0eec2fe32e88d9e2836c2f73ea2077",
      "Requirements": [
        "rlang"
      ]
    },
    "evaluate": {
      "Package": "evaluate",
      "Version": "0.15",
      "Source": "Repository",
      "Repository": "RSPM",
      "Hash": "699a7a93d08c962d9f8950b2d7a227f1",
      "Requirements": []
    },
    "fansi": {
      "Package": "fansi",
      "Version": "0.4.1",
      "Source": "Repository",
      "Repository": "CRAN",
      "Hash": "7fce217eaaf8016e72065e85c73027b5",
      "Requirements": []
    },
    "farver": {
      "Package": "farver",
      "Version": "2.0.3",
      "Source": "Repository",
      "Repository": "CRAN",
      "Hash": "dad6793a5a1f73c8e91f1a1e3e834b05",
      "Requirements": []
    },
    "fastmap": {
      "Package": "fastmap",
      "Version": "1.1.0",
      "Source": "Repository",
      "Repository": "CRAN",
      "Hash": "77bd60a6157420d4ffa93b27cf6a58b8",
      "Requirements": []
    },
    "fontawesome": {
      "Package": "fontawesome",
      "Version": "0.3.0",
      "Source": "Repository",
      "Repository": "CRAN",
      "Hash": "a36c4a3eade472039a3ec8cb824e6dc4",
      "Requirements": [
        "htmltools",
        "rlang"
      ]
    },
    "forcats": {
      "Package": "forcats",
      "Version": "0.5.2",
      "Source": "Repository",
      "Repository": "CRAN",
      "Hash": "9d95bc88206321cd1bc98480ecfd74bb",
      "Requirements": [
        "cli",
        "ellipsis",
        "glue",
        "lifecycle",
        "magrittr",
        "rlang",
        "tibble",
        "withr"
      ]
    },
    "fs": {
      "Package": "fs",
      "Version": "1.5.2",
      "Source": "Repository",
      "Repository": "RSPM",
      "Hash": "7c89603d81793f0d5486d91ab1fc6f1d",
      "Requirements": []
    },
    "generics": {
      "Package": "generics",
      "Version": "0.1.3",
      "Source": "Repository",
      "Repository": "CRAN",
      "Hash": "15e9634c0fcd294799e9b2e929ed1b86",
      "Requirements": []
    },
    "ggplot2": {
      "Package": "ggplot2",
      "Version": "3.3.2",
      "Source": "Repository",
      "Repository": "CRAN",
      "Hash": "4ded8b439797f7b1693bd3d238d0106b",
      "Requirements": [
        "MASS",
        "digest",
        "glue",
        "gtable",
        "isoband",
        "mgcv",
        "rlang",
        "scales",
        "tibble",
        "withr"
      ]
    },
    "glue": {
      "Package": "glue",
      "Version": "1.6.2",
      "Source": "Repository",
      "Repository": "RSPM",
      "Hash": "4f2596dfb05dac67b9dc558e5c6fba2e",
      "Requirements": []
    },
    "gtable": {
      "Package": "gtable",
      "Version": "0.3.0",
      "Source": "Repository",
      "Repository": "CRAN",
      "Hash": "ac5c6baf7822ce8732b343f14c072c4d",
      "Requirements": []
    },
    "highr": {
      "Package": "highr",
      "Version": "0.9",
      "Source": "Repository",
      "Repository": "RSPM",
      "Hash": "8eb36c8125038e648e5d111c0d7b2ed4",
      "Requirements": [
        "xfun"
      ]
    },
    "htmltools": {
      "Package": "htmltools",
      "Version": "0.5.3",
      "Source": "Repository",
      "Repository": "CRAN",
      "Hash": "6496090a9e00f8354b811d1a2d47b566",
      "Requirements": [
        "base64enc",
        "digest",
        "fastmap",
        "rlang"
      ]
    },
    "htmlwidgets": {
      "Package": "htmlwidgets",
      "Version": "1.5.4",
      "Source": "Repository",
      "Repository": "RSPM",
      "Hash": "76147821cd3fcd8c4b04e1ef0498e7fb",
      "Requirements": [
        "htmltools",
        "jsonlite",
        "yaml"
      ]
    },
    "httpuv": {
      "Package": "httpuv",
      "Version": "1.6.6",
      "Source": "Repository",
      "Repository": "CRAN",
      "Hash": "fd090e236ae2dc0f0cdf33a9ec83afb6",
      "Requirements": [
        "R6",
        "Rcpp",
        "later",
        "promises"
      ]
    },
    "httr": {
      "Package": "httr",
      "Version": "1.4.4",
      "Source": "Repository",
      "Repository": "CRAN",
      "Hash": "57557fac46471f0dbbf44705cc6a5c8c",
      "Requirements": [
        "R6",
        "curl",
        "jsonlite",
        "mime",
        "openssl"
      ]
    },
    "inline": {
      "Package": "inline",
      "Version": "0.3.19",
      "Source": "Repository",
      "Repository": "RSPM",
      "Hash": "1deaf1de3eac7e1d3377954b3a283652",
      "Requirements": []
    },
    "isoband": {
      "Package": "isoband",
      "Version": "0.2.2",
      "Source": "Repository",
      "Repository": "CRAN",
      "Hash": "6e58bd3d6b3dd82a944cd6f05ade228f",
      "Requirements": [
        "testthat"
      ]
    },
    "jquerylib": {
      "Package": "jquerylib",
      "Version": "0.1.4",
      "Source": "Repository",
      "Repository": "RSPM",
      "Hash": "5aab57a3bd297eee1c1d862735972182",
      "Requirements": [
        "htmltools"
      ]
    },
    "jsonlite": {
      "Package": "jsonlite",
      "Version": "1.7.2",
      "Source": "Repository",
      "Repository": "CRAN",
      "Hash": "98138e0994d41508c7a6b84a0600cfcb",
      "Requirements": []
    },
    "knitr": {
      "Package": "knitr",
      "Version": "1.40",
      "Source": "Repository",
      "Repository": "CRAN",
      "Hash": "caea8b0f899a0b1738444b9bc47067e7",
      "Requirements": [
        "evaluate",
        "highr",
        "stringr",
        "xfun",
        "yaml"
      ]
    },
    "labeling": {
      "Package": "labeling",
      "Version": "0.3",
      "Source": "Repository",
      "Repository": "CRAN",
      "Hash": "73832978c1de350df58108c745ed0e3e",
      "Requirements": []
    },
    "later": {
      "Package": "later",
      "Version": "1.3.0",
      "Source": "Repository",
      "Repository": "RSPM",
      "Hash": "7e7b457d7766bc47f2a5f21cc2984f8e",
      "Requirements": [
        "Rcpp",
        "rlang"
      ]
    },
    "lattice": {
      "Package": "lattice",
      "Version": "0.20-38",
      "Source": "Repository",
      "Repository": "CRAN",
      "Hash": "848f8c593fd1050371042d18d152e3d7",
      "Requirements": []
    },
    "lazyeval": {
      "Package": "lazyeval",
      "Version": "0.2.2",
      "Source": "Repository",
      "Repository": "RSPM",
      "Hash": "d908914ae53b04d4c0c0fd72ecc35370",
      "Requirements": []
    },
    "lifecycle": {
      "Package": "lifecycle",
      "Version": "1.0.1",
      "Source": "Repository",
      "Repository": "CRAN",
      "Hash": "a6b6d352e3ed897373ab19d8395c98d0",
      "Requirements": [
        "glue",
        "rlang"
      ]
    },
    "lotri": {
      "Package": "lotri",
      "Version": "0.4.2",
      "Source": "Repository",
      "Repository": "CRAN",
      "Hash": "a0272be934f0b63013972e3acf1e11ef",
      "Requirements": [
        "crayon"
      ]
    },
    "magrittr": {
      "Package": "magrittr",
      "Version": "2.0.3",
      "Source": "Repository",
      "Repository": "RSPM",
      "Hash": "7ce2733a9826b3aeb1775d56fd305472",
      "Requirements": []
    },
    "memoise": {
      "Package": "memoise",
      "Version": "2.0.0",
      "Source": "Repository",
      "Repository": "CRAN",
      "Hash": "a0bc51650201a56d00a4798523cc91b3",
      "Requirements": [
        "cachem",
        "rlang"
      ]
    },
    "mgcv": {
      "Package": "mgcv",
      "Version": "1.8-31",
      "Source": "Repository",
      "Repository": "CRAN",
      "Hash": "4bb7e0c4f3557583e1e8d3c9ffb8ba5c",
      "Requirements": [
        "Matrix",
        "nlme"
      ]
    },
    "mime": {
      "Package": "mime",
      "Version": "0.12",
      "Source": "Repository",
      "Repository": "RSPM",
      "Hash": "18e9c28c1d3ca1560ce30658b22ce104",
      "Requirements": []
    },
    "mrgsolve": {
      "Package": "mrgsolve",
      "Version": "1.0.6",
      "Source": "Repository",
      "Repository": "CRAN",
      "Hash": "26d1d0f13cf56eba2770232603187282",
      "Requirements": [
        "BH",
        "Rcpp",
        "RcppArmadillo",
        "dplyr",
        "glue",
        "lifecycle",
        "magrittr",
        "rlang",
        "tibble",
        "tidyselect"
      ]
    },
    "munsell": {
      "Package": "munsell",
      "Version": "0.5.0",
      "Source": "Repository",
      "Repository": "CRAN",
      "Hash": "6dfe8bf774944bd5595785e3229d8771",
      "Requirements": [
        "colorspace"
      ]
    },
    "nlme": {
      "Package": "nlme",
      "Version": "3.1-142",
      "Source": "Repository",
      "Repository": "CRAN",
      "Hash": "557d78d7eac2c1090ee58647a6274142",
      "Requirements": [
        "lattice"
      ]
    },
    "openssl": {
      "Package": "openssl",
      "Version": "2.0.2",
      "Source": "Repository",
      "Repository": "CRAN",
      "Hash": "6d3bef2e305f55c705c674653c7d7d3d",
      "Requirements": [
        "askpass"
      ]
    },
    "packrat": {
      "Package": "packrat",
      "Version": "0.8.1",
      "Source": "Repository",
      "Repository": "CRAN",
      "Hash": "d84055adcb6bb1f4f0ce8c5f235bc328",
      "Requirements": []
    },
    "pillar": {
      "Package": "pillar",
      "Version": "1.8.1",
      "Source": "Repository",
      "Repository": "CRAN",
      "Hash": "f2316df30902c81729ae9de95ad5a608",
      "Requirements": [
        "cli",
        "fansi",
        "glue",
        "lifecycle",
        "rlang",
        "utf8",
        "vctrs"
      ]
    },
    "pkgbuild": {
      "Package": "pkgbuild",
      "Version": "1.1.0",
      "Source": "Repository",
      "Repository": "CRAN",
      "Hash": "404684bc4e3685007f9720adf13b06c1",
      "Requirements": [
        "R6",
        "callr",
        "cli",
        "crayon",
        "desc",
        "prettyunits",
        "rprojroot",
        "withr"
      ]
    },
    "pkgconfig": {
      "Package": "pkgconfig",
      "Version": "2.0.3",
      "Source": "Repository",
      "Repository": "CRAN",
      "Hash": "01f28d4278f15c76cddbea05899c5d6f",
      "Requirements": []
    },
    "pkgload": {
      "Package": "pkgload",
      "Version": "1.1.0",
      "Source": "Repository",
      "Repository": "CRAN",
      "Hash": "b6b150cd4709e0c0c9b5d51ac4376282",
      "Requirements": [
        "cli",
        "crayon",
        "desc",
        "pkgbuild",
        "rlang",
        "rprojroot",
        "rstudioapi",
        "withr"
      ]
    },
    "plotly": {
      "Package": "plotly",
      "Version": "4.10.0",
      "Source": "Repository",
      "Repository": "RSPM",
      "Hash": "fbb11e44d057996ca5fe40d959cacfb0",
      "Requirements": [
        "RColorBrewer",
        "base64enc",
        "crosstalk",
        "data.table",
        "digest",
        "dplyr",
        "ggplot2",
        "htmltools",
        "htmlwidgets",
        "httr",
        "jsonlite",
        "lazyeval",
        "magrittr",
        "promises",
        "purrr",
        "rlang",
        "scales",
        "tibble",
        "tidyr",
        "vctrs",
        "viridisLite"
      ]
    },
    "praise": {
      "Package": "praise",
      "Version": "1.0.0",
      "Source": "Repository",
      "Repository": "CRAN",
      "Hash": "a555924add98c99d2f411e37e7d25e9f",
      "Requirements": []
    },
    "prettyunits": {
      "Package": "prettyunits",
      "Version": "1.1.1",
      "Source": "Repository",
      "Repository": "CRAN",
      "Hash": "95ef9167b75dde9d2ccc3c7528393e7e",
      "Requirements": []
    },
    "processx": {
      "Package": "processx",
      "Version": "3.4.3",
      "Source": "Repository",
      "Repository": "CRAN",
      "Hash": "f4f13345fcb00c51ace12f65dd18749f",
      "Requirements": [
        "R6",
        "ps"
      ]
    },
    "promises": {
      "Package": "promises",
      "Version": "1.2.0.1",
      "Source": "Repository",
      "Repository": "RSPM",
      "Hash": "4ab2c43adb4d4699cf3690acd378d75d",
      "Requirements": [
        "R6",
        "Rcpp",
        "later",
        "magrittr",
        "rlang"
      ]
    },
    "ps": {
      "Package": "ps",
      "Version": "1.3.3",
      "Source": "Repository",
      "Repository": "CRAN",
      "Hash": "425d938eb9c02906a8ac98c0c2a306b5",
      "Requirements": []
    },
    "purrr": {
      "Package": "purrr",
      "Version": "0.3.4",
      "Source": "Repository",
      "Repository": "CRAN",
      "Hash": "97def703420c8ab10d8f0e6c72101e02",
      "Requirements": [
        "magrittr",
        "rlang"
      ]
    },
    "qs": {
      "Package": "qs",
      "Version": "0.25.4",
      "Source": "Repository",
      "Repository": "CRAN",
      "Hash": "ffc0d1d65ca061b04ab23e790828d897",
      "Requirements": [
        "RApiSerialize",
        "Rcpp",
        "stringfish"
      ]
    },
    "rappdirs": {
      "Package": "rappdirs",
      "Version": "0.3.3",
      "Source": "Repository",
      "Repository": "RSPM",
      "Hash": "5e3c5dc0b071b21fa128676560dbe94d",
      "Requirements": []
    },
    "renv": {
      "Package": "renv",
      "Version": "0.15.2",
      "Source": "Repository",
      "Repository": "RSPM",
      "Hash": "206c4ef8b7ad6fb1060d69aa7b9dfe69",
      "Requirements": []
    },
    "rex": {
      "Package": "rex",
      "Version": "1.2.1",
      "Source": "Repository",
      "Repository": "RSPM",
      "Hash": "ae34cd56890607370665bee5bd17812f",
      "Requirements": [
        "lazyeval"
      ]
    },
    "rlang": {
      "Package": "rlang",
      "Version": "1.0.2",
      "Source": "Repository",
      "Repository": "RSPM",
      "Hash": "04884d9a75d778aca22c7154b8333ec9",
      "Requirements": []
    },
    "rmarkdown": {
      "Package": "rmarkdown",
      "Version": "2.16",
      "Source": "Repository",
      "Repository": "CRAN",
      "Hash": "0f3eaa1547e2c6880d4de1c043ac6826",
      "Requirements": [
        "bslib",
        "evaluate",
        "htmltools",
        "jquerylib",
        "jsonlite",
        "knitr",
        "stringr",
        "tinytex",
        "xfun",
        "yaml"
      ]
    },
    "rprojroot": {
      "Package": "rprojroot",
      "Version": "1.3-2",
      "Source": "Repository",
      "Repository": "CRAN",
      "Hash": "f6a407ae5dd21f6f80a6708bbb6eb3ae",
      "Requirements": [
        "backports"
      ]
    },
    "rsconnect": {
      "Package": "rsconnect",
      "Version": "0.8.27",
      "Source": "Repository",
      "Repository": "CRAN",
      "Hash": "114103fbb50af041e93921ee67db8fa0",
      "Requirements": [
        "curl",
        "digest",
        "jsonlite",
        "openssl",
        "packrat",
        "rstudioapi",
        "yaml"
      ]
    },
    "rstudioapi": {
      "Package": "rstudioapi",
      "Version": "0.11",
      "Source": "Repository",
      "Repository": "CRAN",
      "Hash": "33a5b27a03da82ac4b1d43268f80088a",
      "Requirements": []
    },
    "sass": {
      "Package": "sass",
      "Version": "0.4.2",
      "Source": "Repository",
      "Repository": "CRAN",
      "Hash": "1b191143d7d3444d504277843f3a95fe",
      "Requirements": [
        "R6",
        "fs",
        "htmltools",
        "rappdirs",
        "rlang"
      ]
    },
    "scales": {
      "Package": "scales",
      "Version": "1.1.1",
      "Source": "Repository",
      "Repository": "CRAN",
      "Hash": "6f76f71042411426ec8df6c54f34e6dd",
      "Requirements": [
        "R6",
        "RColorBrewer",
        "farver",
        "labeling",
        "lifecycle",
        "munsell",
        "viridisLite"
      ]
    },
    "shiny": {
      "Package": "shiny",
      "Version": "1.7.2",
      "Source": "Repository",
      "Repository": "CRAN",
      "Hash": "4f7970a3edb0a153ac6b376785a1944a",
      "Requirements": [
        "R6",
        "bslib",
        "cachem",
        "commonmark",
        "crayon",
        "ellipsis",
        "fastmap",
        "fontawesome",
        "glue",
        "htmltools",
        "httpuv",
        "jsonlite",
        "later",
        "lifecycle",
        "mime",
        "promises",
        "rlang",
        "sourcetools",
        "withr",
        "xtable"
      ]
    },
    "sitmo": {
      "Package": "sitmo",
      "Version": "2.0.2",
      "Source": "Repository",
      "Repository": "RSPM",
      "Hash": "c956d93f6768a9789edbc13072b70c78",
      "Requirements": [
        "Rcpp"
      ]
    },
    "sourcetools": {
      "Package": "sourcetools",
      "Version": "0.1.7",
      "Source": "Repository",
      "Repository": "RSPM",
      "Hash": "947e4e02a79effa5d512473e10f41797",
      "Requirements": []
    },
    "stringfish": {
      "Package": "stringfish",
      "Version": "0.15.7",
      "Source": "Repository",
      "Repository": "RSPM",
      "Hash": "d860d083dadb4117e305b6451bb2dc8b",
      "Requirements": [
        "Rcpp",
        "RcppParallel"
      ]
    },
    "stringi": {
      "Package": "stringi",
      "Version": "1.7.4",
      "Source": "Repository",
      "Repository": "CRAN",
      "Hash": "ebaccb577da50829a3bb1b8296f318a5",
      "Requirements": []
    },
    "stringr": {
      "Package": "stringr",
      "Version": "1.4.0",
      "Source": "Repository",
      "Repository": "CRAN",
      "Hash": "0759e6b6c0957edb1311028a49a35e76",
      "Requirements": [
        "glue",
        "magrittr",
        "stringi"
      ]
    },
    "sys": {
      "Package": "sys",
      "Version": "3.4",
      "Source": "Repository",
      "Repository": "CRAN",
      "Hash": "b227d13e29222b4574486cfcbde077fa",
      "Requirements": []
    },
    "testthat": {
      "Package": "testthat",
      "Version": "2.3.2",
      "Source": "Repository",
      "Repository": "CRAN",
      "Hash": "0829b987b8961fb07f3b1b64a2fbc495",
      "Requirements": [
        "R6",
        "cli",
        "crayon",
        "digest",
        "ellipsis",
        "evaluate",
        "magrittr",
        "pkgload",
        "praise",
        "rlang",
        "withr"
      ]
    },
    "tibble": {
      "Package": "tibble",
      "Version": "3.1.8",
      "Source": "Repository",
      "Repository": "CRAN",
      "Hash": "56b6934ef0f8c68225949a8672fe1a8f",
      "Requirements": [
        "fansi",
        "lifecycle",
        "magrittr",
        "pillar",
        "pkgconfig",
        "rlang",
        "vctrs"
      ]
    },
    "tidyr": {
      "Package": "tidyr",
      "Version": "1.2.1",
      "Source": "Repository",
      "Repository": "CRAN",
      "Hash": "cdb403db0de33ccd1b6f53b83736efa8",
      "Requirements": [
        "cpp11",
        "dplyr",
        "ellipsis",
        "glue",
        "lifecycle",
        "magrittr",
        "purrr",
        "rlang",
        "tibble",
        "tidyselect",
        "vctrs"
      ]
    },
    "tidyselect": {
      "Package": "tidyselect",
      "Version": "1.1.2",
      "Source": "Repository",
      "Repository": "RSPM",
      "Hash": "17f6da8cfd7002760a859915ce7eef8f",
      "Requirements": [
        "ellipsis",
        "glue",
        "purrr",
        "rlang",
        "vctrs"
      ]
    },
    "tinytex": {
      "Package": "tinytex",
      "Version": "0.41",
      "Source": "Repository",
      "Repository": "CRAN",
      "Hash": "6edfe5df6431a724b4254c0591e34ab3",
      "Requirements": [
        "xfun"
      ]
    },
    "utf8": {
      "Package": "utf8",
      "Version": "1.1.4",
      "Source": "Repository",
      "Repository": "CRAN",
      "Hash": "4a5081acfb7b81a572e4384a7aaf2af1",
      "Requirements": []
    },
    "vctrs": {
      "Package": "vctrs",
      "Version": "0.4.1",
      "Source": "Repository",
      "Repository": "RSPM",
      "Hash": "8b54f22e2a58c4f275479c92ce041a57",
      "Requirements": [
        "cli",
        "glue",
        "rlang"
      ]
    },
    "viridisLite": {
      "Package": "viridisLite",
      "Version": "0.3.0",
      "Source": "Repository",
      "Repository": "CRAN",
      "Hash": "ce4f6271baa94776db692f1cb2055bee",
      "Requirements": []
    },
    "waiter": {
      "Package": "waiter",
      "Version": "0.2.5",
      "Source": "Repository",
      "Repository": "CRAN",
      "Hash": "93e6b6c8ae3f81d4be77a0dc74e5cf5e",
      "Requirements": [
        "R6",
        "htmltools",
        "shiny"
      ]
    },
    "withr": {
      "Package": "withr",
      "Version": "2.2.0",
      "Source": "Repository",
      "Repository": "CRAN",
      "Hash": "ecd17882a0b4419545691e095b74ee89",
      "Requirements": []
    },
    "xfun": {
      "Package": "xfun",
      "Version": "0.33",
      "Source": "Repository",
      "Repository": "CRAN",
      "Hash": "1a666f915cd65072f4ccf5b2888d5d39",
      "Requirements": []
    },
    "xtable": {
      "Package": "xtable",
      "Version": "1.8-4",
      "Source": "Repository",
      "Repository": "RSPM",
      "Hash": "b8acdf8af494d9ec19ccb2481a9b11c2",
      "Requirements": []
    },
    "yaml": {
      "Package": "yaml",
      "Version": "2.3.5",
      "Source": "Repository",
      "Repository": "CRAN",
      "Hash": "458bb38374d73bf83b1bb85e353da200",
      "Requirements": []
    }
  }
}
